// !$*UTF8*$!
{
	archiveVersion = 1;
	classes = {
	};
	objectVersion = 48;
	objects = {

/* Begin PBXBuildFile section */
		3AF908542047687700F848E7 /* AppDelegate.swift in Sources */ = {isa = PBXBuildFile; fileRef = 3AF908532047687700F848E7 /* AppDelegate.swift */; };
		3AF908562047687700F848E7 /* ViewController.swift in Sources */ = {isa = PBXBuildFile; fileRef = 3AF908552047687700F848E7 /* ViewController.swift */; };
		3AF908592047687700F848E7 /* Main.storyboard in Resources */ = {isa = PBXBuildFile; fileRef = 3AF908572047687700F848E7 /* Main.storyboard */; };
		3AF9085B2047687700F848E7 /* Assets.xcassets in Resources */ = {isa = PBXBuildFile; fileRef = 3AF9085A2047687700F848E7 /* Assets.xcassets */; };
		3AF9085E2047687700F848E7 /* LaunchScreen.storyboard in Resources */ = {isa = PBXBuildFile; fileRef = 3AF9085C2047687700F848E7 /* LaunchScreen.storyboard */; };
		3AF908662047803500F848E7 /* PrototypeController.swift in Sources */ = {isa = PBXBuildFile; fileRef = 3AF908652047803500F848E7 /* PrototypeController.swift */; };
		4DAB30403B67D8890AB567DD /* Pods_CoApplicant.framework in Frameworks */ = {isa = PBXBuildFile; fileRef = B90C8C15AFD72A547463E7A7 /* Pods_CoApplicant.framework */; };
/* End PBXBuildFile section */

/* Begin PBXFileReference section */
		391A1F8813AF69B6B1CB0EDC /* Pods-CoApplicant.release.xcconfig */ = {isa = PBXFileReference; includeInIndex = 1; lastKnownFileType = text.xcconfig; name = "Pods-CoApplicant.release.xcconfig"; path = "Pods/Target Support Files/Pods-CoApplicant/Pods-CoApplicant.release.xcconfig"; sourceTree = "<group>"; };
		3AF908502047687700F848E7 /* CoApplicant.app */ = {isa = PBXFileReference; explicitFileType = wrapper.application; includeInIndex = 0; path = CoApplicant.app; sourceTree = BUILT_PRODUCTS_DIR; };
		3AF908532047687700F848E7 /* AppDelegate.swift */ = {isa = PBXFileReference; lastKnownFileType = sourcecode.swift; path = AppDelegate.swift; sourceTree = "<group>"; };
		3AF908552047687700F848E7 /* ViewController.swift */ = {isa = PBXFileReference; lastKnownFileType = sourcecode.swift; path = ViewController.swift; sourceTree = "<group>"; };
		3AF908582047687700F848E7 /* Base */ = {isa = PBXFileReference; lastKnownFileType = file.storyboard; name = Base; path = Base.lproj/Main.storyboard; sourceTree = "<group>"; };
		3AF9085A2047687700F848E7 /* Assets.xcassets */ = {isa = PBXFileReference; lastKnownFileType = folder.assetcatalog; path = Assets.xcassets; sourceTree = "<group>"; };
		3AF9085D2047687700F848E7 /* Base */ = {isa = PBXFileReference; lastKnownFileType = file.storyboard; name = Base; path = Base.lproj/LaunchScreen.storyboard; sourceTree = "<group>"; };
		3AF9085F2047687700F848E7 /* Info.plist */ = {isa = PBXFileReference; lastKnownFileType = text.plist.xml; path = Info.plist; sourceTree = "<group>"; };
		3AF908652047803500F848E7 /* PrototypeController.swift */ = {isa = PBXFileReference; lastKnownFileType = sourcecode.swift; path = PrototypeController.swift; sourceTree = "<group>"; };
		B79173D355C2C6D7C9B4105E /* Pods-CoApplicant.debug.xcconfig */ = {isa = PBXFileReference; includeInIndex = 1; lastKnownFileType = text.xcconfig; name = "Pods-CoApplicant.debug.xcconfig"; path = "Pods/Target Support Files/Pods-CoApplicant/Pods-CoApplicant.debug.xcconfig"; sourceTree = "<group>"; };
		B90C8C15AFD72A547463E7A7 /* Pods_CoApplicant.framework */ = {isa = PBXFileReference; explicitFileType = wrapper.framework; includeInIndex = 0; path = Pods_CoApplicant.framework; sourceTree = BUILT_PRODUCTS_DIR; };
/* End PBXFileReference section */

/* Begin PBXFrameworksBuildPhase section */
		3AF9084D2047687700F848E7 /* Frameworks */ = {
			isa = PBXFrameworksBuildPhase;
			buildActionMask = 2147483647;
			files = (
				4DAB30403B67D8890AB567DD /* Pods_CoApplicant.framework in Frameworks */,
			);
			runOnlyForDeploymentPostprocessing = 0;
		};
/* End PBXFrameworksBuildPhase section */

/* Begin PBXGroup section */
		05D85A0080636827B9DF9F69 /* Pods */ = {
			isa = PBXGroup;
			children = (
				B79173D355C2C6D7C9B4105E /* Pods-CoApplicant.debug.xcconfig */,
				391A1F8813AF69B6B1CB0EDC /* Pods-CoApplicant.release.xcconfig */,
			);
			name = Pods;
			sourceTree = "<group>";
		};
		3AF908472047687700F848E7 = {
			isa = PBXGroup;
			children = (
				3AF908522047687700F848E7 /* CoApplicant */,
				3AF908512047687700F848E7 /* Products */,
				05D85A0080636827B9DF9F69 /* Pods */,
				70E2D44970477804491F1BB6 /* Frameworks */,
			);
			sourceTree = "<group>";
		};
		3AF908512047687700F848E7 /* Products */ = {
			isa = PBXGroup;
			children = (
				3AF908502047687700F848E7 /* CoApplicant.app */,
			);
			name = Products;
			sourceTree = "<group>";
		};
		3AF908522047687700F848E7 /* CoApplicant */ = {
			isa = PBXGroup;
			children = (
				3AF908532047687700F848E7 /* AppDelegate.swift */,
				3AF908552047687700F848E7 /* ViewController.swift */,
				3AF908572047687700F848E7 /* Main.storyboard */,
				3AF9085A2047687700F848E7 /* Assets.xcassets */,
				3AF9085C2047687700F848E7 /* LaunchScreen.storyboard */,
				3AF9085F2047687700F848E7 /* Info.plist */,
				3AF908652047803500F848E7 /* PrototypeController.swift */,
			);
			path = CoApplicant;
			sourceTree = "<group>";
		};
		70E2D44970477804491F1BB6 /* Frameworks */ = {
			isa = PBXGroup;
			children = (
				B90C8C15AFD72A547463E7A7 /* Pods_CoApplicant.framework */,
			);
			name = Frameworks;
			sourceTree = "<group>";
		};
/* End PBXGroup section */

/* Begin PBXNativeTarget section */
		3AF9084F2047687700F848E7 /* CoApplicant */ = {
			isa = PBXNativeTarget;
			buildConfigurationList = 3AF908622047687700F848E7 /* Build configuration list for PBXNativeTarget "CoApplicant" */;
			buildPhases = (
				44A5D5C148EDCC46924791A8 /* [CP] Check Pods Manifest.lock */,
				3AF9084C2047687700F848E7 /* Sources */,
				3AF9084D2047687700F848E7 /* Frameworks */,
				3AF9084E2047687700F848E7 /* Resources */,
				EA834E67F1BFF957FD0179B0 /* [CP] Embed Pods Frameworks */,
				19881CB95D4A4CD76937FFFA /* [CP] Copy Pods Resources */,
			);
			buildRules = (
			);
			dependencies = (
			);
			name = CoApplicant;
			productName = CoApplicant;
			productReference = 3AF908502047687700F848E7 /* CoApplicant.app */;
			productType = "com.apple.product-type.application";
		};
/* End PBXNativeTarget section */

/* Begin PBXProject section */
		3AF908482047687700F848E7 /* Project object */ = {
			isa = PBXProject;
			attributes = {
				LastSwiftUpdateCheck = 0920;
				LastUpgradeCheck = 0920;
				ORGANIZATIONNAME = "Ben Pilcher";
				TargetAttributes = {
					3AF9084F2047687700F848E7 = {
						CreatedOnToolsVersion = 9.2;
						ProvisioningStyle = Automatic;
					};
				};
			};
			buildConfigurationList = 3AF9084B2047687700F848E7 /* Build configuration list for PBXProject "CoApplicant" */;
			compatibilityVersion = "Xcode 8.0";
			developmentRegion = en;
			hasScannedForEncodings = 0;
			knownRegions = (
				en,
				Base,
			);
			mainGroup = 3AF908472047687700F848E7;
			productRefGroup = 3AF908512047687700F848E7 /* Products */;
			projectDirPath = "";
			projectRoot = "";
			targets = (
				3AF9084F2047687700F848E7 /* CoApplicant */,
			);
		};
/* End PBXProject section */

/* Begin PBXResourcesBuildPhase section */
		3AF9084E2047687700F848E7 /* Resources */ = {
			isa = PBXResourcesBuildPhase;
			buildActionMask = 2147483647;
			files = (
				3AF9085E2047687700F848E7 /* LaunchScreen.storyboard in Resources */,
				3AF9085B2047687700F848E7 /* Assets.xcassets in Resources */,
				3AF908592047687700F848E7 /* Main.storyboard in Resources */,
			);
			runOnlyForDeploymentPostprocessing = 0;
		};
/* End PBXResourcesBuildPhase section */

/* Begin PBXShellScriptBuildPhase section */
		19881CB95D4A4CD76937FFFA /* [CP] Copy Pods Resources */ = {
			isa = PBXShellScriptBuildPhase;
			buildActionMask = 2147483647;
			files = (
			);
			inputPaths = (
			);
			name = "[CP] Copy Pods Resources";
			outputPaths = (
			);
			runOnlyForDeploymentPostprocessing = 0;
			shellPath = /bin/sh;
			shellScript = "\"${SRCROOT}/Pods/Target Support Files/Pods-CoApplicant/Pods-CoApplicant-resources.sh\"\n";
			showEnvVarsInLog = 0;
		};
		44A5D5C148EDCC46924791A8 /* [CP] Check Pods Manifest.lock */ = {
			isa = PBXShellScriptBuildPhase;
			buildActionMask = 2147483647;
			files = (
			);
			inputPaths = (
				"${PODS_PODFILE_DIR_PATH}/Podfile.lock",
				"${PODS_ROOT}/Manifest.lock",
			);
			name = "[CP] Check Pods Manifest.lock";
			outputPaths = (
				"$(DERIVED_FILE_DIR)/Pods-CoApplicant-checkManifestLockResult.txt",
			);
			runOnlyForDeploymentPostprocessing = 0;
			shellPath = /bin/sh;
			shellScript = "diff \"${PODS_PODFILE_DIR_PATH}/Podfile.lock\" \"${PODS_ROOT}/Manifest.lock\" > /dev/null\nif [ $? != 0 ] ; then\n    # print error to STDERR\n    echo \"error: The sandbox is not in sync with the Podfile.lock. Run 'pod install' or update your CocoaPods installation.\" >&2\n    exit 1\nfi\n# This output is used by Xcode 'outputs' to avoid re-running this script phase.\necho \"SUCCESS\" > \"${SCRIPT_OUTPUT_FILE_0}\"\n";
			showEnvVarsInLog = 0;
		};
		EA834E67F1BFF957FD0179B0 /* [CP] Embed Pods Frameworks */ = {
			isa = PBXShellScriptBuildPhase;
			buildActionMask = 2147483647;
			files = (
			);
			inputPaths = (
				"${SRCROOT}/Pods/Target Support Files/Pods-CoApplicant/Pods-CoApplicant-frameworks.sh",
				"${BUILT_PRODUCTS_DIR}/Fingertips/Fingertips.framework",
			);
			name = "[CP] Embed Pods Frameworks";
			outputPaths = (
				"${TARGET_BUILD_DIR}/${FRAMEWORKS_FOLDER_PATH}/Fingertips.framework",
			);
			runOnlyForDeploymentPostprocessing = 0;
			shellPath = /bin/sh;
			shellScript = "\"${SRCROOT}/Pods/Target Support Files/Pods-CoApplicant/Pods-CoApplicant-frameworks.sh\"\n";
			showEnvVarsInLog = 0;
		};
/* End PBXShellScriptBuildPhase section */

/* Begin PBXSourcesBuildPhase section */
		3AF9084C2047687700F848E7 /* Sources */ = {
			isa = PBXSourcesBuildPhase;
			buildActionMask = 2147483647;
			files = (
				3AF908662047803500F848E7 /* PrototypeController.swift in Sources */,
				3AF908562047687700F848E7 /* ViewController.swift in Sources */,
				3AF908542047687700F848E7 /* AppDelegate.swift in Sources */,
			);
			runOnlyForDeploymentPostprocessing = 0;
		};
/* End PBXSourcesBuildPhase section */

/* Begin PBXVariantGroup section */
		3AF908572047687700F848E7 /* Main.storyboard */ = {
			isa = PBXVariantGroup;
			children = (
				3AF908582047687700F848E7 /* Base */,
			);
			name = Main.storyboard;
			sourceTree = "<group>";
		};
		3AF9085C2047687700F848E7 /* LaunchScreen.storyboard */ = {
			isa = PBXVariantGroup;
			children = (
				3AF9085D2047687700F848E7 /* Base */,
			);
			name = LaunchScreen.storyboard;
			sourceTree = "<group>";
		};
/* End PBXVariantGroup section */

/* Begin XCBuildConfiguration section */
		3AF908602047687700F848E7 /* Debug */ = {
			isa = XCBuildConfiguration;
			buildSettings = {
				ALWAYS_SEARCH_USER_PATHS = NO;
				CLANG_ANALYZER_NONNULL = YES;
				CLANG_ANALYZER_NUMBER_OBJECT_CONVERSION = YES_AGGRESSIVE;
				CLANG_CXX_LANGUAGE_STANDARD = "gnu++14";
				CLANG_CXX_LIBRARY = "libc++";
				CLANG_ENABLE_MODULES = YES;
				CLANG_ENABLE_OBJC_ARC = YES;
				CLANG_WARN_BLOCK_CAPTURE_AUTORELEASING = YES;
				CLANG_WARN_BOOL_CONVERSION = YES;
				CLANG_WARN_COMMA = YES;
				CLANG_WARN_CONSTANT_CONVERSION = YES;
				CLANG_WARN_DIRECT_OBJC_ISA_USAGE = YES_ERROR;
				CLANG_WARN_DOCUMENTATION_COMMENTS = YES;
				CLANG_WARN_EMPTY_BODY = YES;
				CLANG_WARN_ENUM_CONVERSION = YES;
				CLANG_WARN_INFINITE_RECURSION = YES;
				CLANG_WARN_INT_CONVERSION = YES;
				CLANG_WARN_NON_LITERAL_NULL_CONVERSION = YES;
				CLANG_WARN_OBJC_LITERAL_CONVERSION = YES;
				CLANG_WARN_OBJC_ROOT_CLASS = YES_ERROR;
				CLANG_WARN_RANGE_LOOP_ANALYSIS = YES;
				CLANG_WARN_STRICT_PROTOTYPES = YES;
				CLANG_WARN_SUSPICIOUS_MOVE = YES;
				CLANG_WARN_UNGUARDED_AVAILABILITY = YES_AGGRESSIVE;
				CLANG_WARN_UNREACHABLE_CODE = YES;
				CLANG_WARN__DUPLICATE_METHOD_MATCH = YES;
				CODE_SIGN_IDENTITY = "iPhone Developer";
				COPY_PHASE_STRIP = NO;
				DEBUG_INFORMATION_FORMAT = dwarf;
				ENABLE_STRICT_OBJC_MSGSEND = YES;
				ENABLE_TESTABILITY = YES;
				GCC_C_LANGUAGE_STANDARD = gnu11;
				GCC_DYNAMIC_NO_PIC = NO;
				GCC_NO_COMMON_BLOCKS = YES;
				GCC_OPTIMIZATION_LEVEL = 0;
				GCC_PREPROCESSOR_DEFINITIONS = (
					"DEBUG=1",
					"$(inherited)",
				);
				GCC_WARN_64_TO_32_BIT_CONVERSION = YES;
				GCC_WARN_ABOUT_RETURN_TYPE = YES_ERROR;
				GCC_WARN_UNDECLARED_SELECTOR = YES;
				GCC_WARN_UNINITIALIZED_AUTOS = YES_AGGRESSIVE;
				GCC_WARN_UNUSED_FUNCTION = YES;
				GCC_WARN_UNUSED_VARIABLE = YES;
				IPHONEOS_DEPLOYMENT_TARGET = 11.2;
				MTL_ENABLE_DEBUG_INFO = YES;
				ONLY_ACTIVE_ARCH = YES;
				SDKROOT = iphoneos;
				SWIFT_ACTIVE_COMPILATION_CONDITIONS = DEBUG;
				SWIFT_OPTIMIZATION_LEVEL = "-Onone";
			};
			name = Debug;
		};
		3AF908612047687700F848E7 /* Release */ = {
			isa = XCBuildConfiguration;
			buildSettings = {
				ALWAYS_SEARCH_USER_PATHS = NO;
				CLANG_ANALYZER_NONNULL = YES;
				CLANG_ANALYZER_NUMBER_OBJECT_CONVERSION = YES_AGGRESSIVE;
				CLANG_CXX_LANGUAGE_STANDARD = "gnu++14";
				CLANG_CXX_LIBRARY = "libc++";
				CLANG_ENABLE_MODULES = YES;
				CLANG_ENABLE_OBJC_ARC = YES;
				CLANG_WARN_BLOCK_CAPTURE_AUTORELEASING = YES;
				CLANG_WARN_BOOL_CONVERSION = YES;
				CLANG_WARN_COMMA = YES;
				CLANG_WARN_CONSTANT_CONVERSION = YES;
				CLANG_WARN_DIRECT_OBJC_ISA_USAGE = YES_ERROR;
				CLANG_WARN_DOCUMENTATION_COMMENTS = YES;
				CLANG_WARN_EMPTY_BODY = YES;
				CLANG_WARN_ENUM_CONVERSION = YES;
				CLANG_WARN_INFINITE_RECURSION = YES;
				CLANG_WARN_INT_CONVERSION = YES;
				CLANG_WARN_NON_LITERAL_NULL_CONVERSION = YES;
				CLANG_WARN_OBJC_LITERAL_CONVERSION = YES;
				CLANG_WARN_OBJC_ROOT_CLASS = YES_ERROR;
				CLANG_WARN_RANGE_LOOP_ANALYSIS = YES;
				CLANG_WARN_STRICT_PROTOTYPES = YES;
				CLANG_WARN_SUSPICIOUS_MOVE = YES;
				CLANG_WARN_UNGUARDED_AVAILABILITY = YES_AGGRESSIVE;
				CLANG_WARN_UNREACHABLE_CODE = YES;
				CLANG_WARN__DUPLICATE_METHOD_MATCH = YES;
				CODE_SIGN_IDENTITY = "iPhone Developer";
				COPY_PHASE_STRIP = NO;
				DEBUG_INFORMATION_FORMAT = "dwarf-with-dsym";
				ENABLE_NS_ASSERTIONS = NO;
				ENABLE_STRICT_OBJC_MSGSEND = YES;
				GCC_C_LANGUAGE_STANDARD = gnu11;
				GCC_NO_COMMON_BLOCKS = YES;
				GCC_WARN_64_TO_32_BIT_CONVERSION = YES;
				GCC_WARN_ABOUT_RETURN_TYPE = YES_ERROR;
				GCC_WARN_UNDECLARED_SELECTOR = YES;
				GCC_WARN_UNINITIALIZED_AUTOS = YES_AGGRESSIVE;
				GCC_WARN_UNUSED_FUNCTION = YES;
				GCC_WARN_UNUSED_VARIABLE = YES;
				IPHONEOS_DEPLOYMENT_TARGET = 11.2;
				MTL_ENABLE_DEBUG_INFO = NO;
				SDKROOT = iphoneos;
				SWIFT_OPTIMIZATION_LEVEL = "-Owholemodule";
				VALIDATE_PRODUCT = YES;
			};
			name = Release;
		};
		3AF908632047687700F848E7 /* Debug */ = {
			isa = XCBuildConfiguration;
			baseConfigurationReference = B79173D355C2C6D7C9B4105E /* Pods-CoApplicant.debug.xcconfig */;
			buildSettings = {
				ASSETCATALOG_COMPILER_APPICON_NAME = AppIcon;
				CODE_SIGN_STYLE = Automatic;
				DEVELOPMENT_TEAM = NE43K9AE86;
				INFOPLIST_FILE = CoApplicant/Info.plist;
				LD_RUNPATH_SEARCH_PATHS = "$(inherited) @executable_path/Frameworks";
				PRODUCT_BUNDLE_IDENTIFIER = com.blinker.CoApplicant;
				PRODUCT_NAME = "$(TARGET_NAME)";
				SWIFT_VERSION = 4.0;
				TARGETED_DEVICE_FAMILY = "1,2";
			};
			name = Debug;
		};
		3AF908642047687700F848E7 /* Release */ = {
			isa = XCBuildConfiguration;
			baseConfigurationReference = 391A1F8813AF69B6B1CB0EDC /* Pods-CoApplicant.release.xcconfig */;
			buildSettings = {
				ASSETCATALOG_COMPILER_APPICON_NAME = AppIcon;
				CODE_SIGN_STYLE = Automatic;
				DEVELOPMENT_TEAM = NE43K9AE86;
				INFOPLIST_FILE = CoApplicant/Info.plist;
				LD_RUNPATH_SEARCH_PATHS = "$(inherited) @executable_path/Frameworks";
				PRODUCT_BUNDLE_IDENTIFIER = com.blinker.CoApplicant;
				PRODUCT_NAME = "$(TARGET_NAME)";
				SWIFT_VERSION = 4.0;
				TARGETED_DEVICE_FAMILY = "1,2";
			};
			name = Release;
		};
/* End XCBuildConfiguration section */

/* Begin XCConfigurationList section */
		3AF9084B2047687700F848E7 /* Build configuration list for PBXProject "CoApplicant" */ = {
			isa = XCConfigurationList;
			buildConfigurations = (
				3AF908602047687700F848E7 /* Debug */,
				3AF908612047687700F848E7 /* Release */,
			);
			defaultConfigurationIsVisible = 0;
			defaultConfigurationName = Release;
		};
		3AF908622047687700F848E7 /* Build configuration list for PBXNativeTarget "CoApplicant" */ = {
			isa = XCConfigurationList;
			buildConfigurations = (
				3AF908632047687700F848E7 /* Debug */,
				3AF908642047687700F848E7 /* Release */,
			);
			defaultConfigurationIsVisible = 0;
			defaultConfigurationName = Release;
		};
/* End XCConfigurationList section */
	};
	rootObject = 3AF908482047687700F848E7 /* Project object */;
}
